
Microsoft Visual Studio Solution File, Format Version 12.00
# Visual Studio Version 16
VisualStudioVersion = 16.0.31729.503
MinimumVisualStudioVersion = 10.0.40219.1
Project("{888888A0-9F3D-457C-B088-3A5042F75D52}") = "Caeser Cipher", "Caeser Cipher\Caeser Cipher.pyproj", "{E0E682DF-5B27-4320-B4FF-EED870B30629}"
EndProject
Global
	GlobalSection(SolutionConfigurationPlatforms) = preSolution
		Debug|Any CPU = Debug|Any CPU
		Release|Any CPU = Release|Any CPU
	EndGlobalSection
	GlobalSection(ProjectConfigurationPlatforms) = postSolution
		{E0E682DF-5B27-4320-B4FF-EED870B30629}.Debug|Any CPU.ActiveCfg = Debug|Any CPU
		{E0E682DF-5B27-4320-B4FF-EED870B30629}.Release|Any CPU.ActiveCfg = Release|Any CPU
	EndGlobalSection
	GlobalSection(SolutionProperties) = preSolution
		HideSolutionNode = FALSE
	EndGlobalSection
	GlobalSection(ExtensibilityGlobals) = postSolution
		SolutionGuid = {63513165-98BA-4D82-A4F8-50C7A49BF88C}
	EndGlobalSection
EndGlobal
